
Microsoft Visual Studio Solution File, Format Version 12.00
# Visual Studio Version 17
VisualStudioVersion = 17.7.34031.279
MinimumVisualStudioVersion = 10.0.40219.1
Project("{8BC9CEB8-8B4A-11D0-8D11-00A0C91BC942}") = "1", "1\1.vcxproj", "{AC5EA6C7-DD38-4F13-B942-2F3B09A41320}"
EndProject
Project("{8BC9CEB8-8B4A-11D0-8D11-00A0C91BC942}") = "2", "2\2.vcxproj", "{8176B113-032A-4382-88B0-BC254075AD5E}"
EndProject
Project("{8BC9CEB8-8B4A-11D0-8D11-00A0C91BC942}") = "3", "3\3.vcxproj", "{63C9DF92-7330-44A7-83C1-8E41B7F37B1D}"
EndProject
Project("{8BC9CEB8-8B4A-11D0-8D11-00A0C91BC942}") = "4", "4\4.vcxproj", "{4BCF7BE3-B2DD-4933-A561-02282C54D7A8}"
EndProject
Project("{8BC9CEB8-8B4A-11D0-8D11-00A0C91BC942}") = "5", "5\5.vcxproj", "{0E75B815-0C9B-4065-8FF1-61B5F750B961}"
EndProject
Project("{8BC9CEB8-8B4A-11D0-8D11-00A0C91BC942}") = "6", "6\6.vcxproj", "{031D9F68-00A7-4E85-BA47-2F3C234AB3BE}"
EndProject
Project("{8BC9CEB8-8B4A-11D0-8D11-00A0C91BC942}") = "7", "7\7.vcxproj", "{A4EA9175-6773-4E2A-9345-A6474021DBD0}"
EndProject
Global
	GlobalSection(SolutionConfigurationPlatforms) = preSolution
		Debug|x64 = Debug|x64
		Debug|x86 = Debug|x86
		Release|x64 = Release|x64
		Release|x86 = Release|x86
	EndGlobalSection
	GlobalSection(ProjectConfigurationPlatforms) = postSolution
		{AC5EA6C7-DD38-4F13-B942-2F3B09A41320}.Debug|x64.ActiveCfg = Debug|x64
		{AC5EA6C7-DD38-4F13-B942-2F3B09A41320}.Debug|x64.Build.0 = Debug|x64
		{AC5EA6C7-DD38-4F13-B942-2F3B09A41320}.Debug|x86.ActiveCfg = Debug|Win32
		{AC5EA6C7-DD38-4F13-B942-2F3B09A41320}.Debug|x86.Build.0 = Debug|Win32
		{AC5EA6C7-DD38-4F13-B942-2F3B09A41320}.Release|x64.ActiveCfg = Release|x64
		{AC5EA6C7-DD38-4F13-B942-2F3B09A41320}.Release|x64.Build.0 = Release|x64
		{AC5EA6C7-DD38-4F13-B942-2F3B09A41320}.Release|x86.ActiveCfg = Release|Win32
		{AC5EA6C7-DD38-4F13-B942-2F3B09A41320}.Release|x86.Build.0 = Release|Win32
		{8176B113-032A-4382-88B0-BC254075AD5E}.Debug|x64.ActiveCfg = Debug|x64
		{8176B113-032A-4382-88B0-BC254075AD5E}.Debug|x64.Build.0 = Debug|x64
		{8176B113-032A-4382-88B0-BC254075AD5E}.Debug|x86.ActiveCfg = Debug|Win32
		{8176B113-032A-4382-88B0-BC254075AD5E}.Debug|x86.Build.0 = Debug|Win32
		{8176B113-032A-4382-88B0-BC254075AD5E}.Release|x64.ActiveCfg = Release|x64
		{8176B113-032A-4382-88B0-BC254075AD5E}.Release|x64.Build.0 = Release|x64
		{8176B113-032A-4382-88B0-BC254075AD5E}.Release|x86.ActiveCfg = Release|Win32
		{8176B113-032A-4382-88B0-BC254075AD5E}.Release|x86.Build.0 = Release|Win32
		{63C9DF92-7330-44A7-83C1-8E41B7F37B1D}.Debug|x64.ActiveCfg = Debug|x64
		{63C9DF92-7330-44A7-83C1-8E41B7F37B1D}.Debug|x64.Build.0 = Debug|x64
		{63C9DF92-7330-44A7-83C1-8E41B7F37B1D}.Debug|x86.ActiveCfg = Debug|Win32
		{63C9DF92-7330-44A7-83C1-8E41B7F37B1D}.Debug|x86.Build.0 = Debug|Win32
		{63C9DF92-7330-44A7-83C1-8E41B7F37B1D}.Release|x64.ActiveCfg = Release|x64
		{63C9DF92-7330-44A7-83C1-8E41B7F37B1D}.Release|x64.Build.0 = Release|x64
		{63C9DF92-7330-44A7-83C1-8E41B7F37B1D}.Release|x86.ActiveCfg = Release|Win32
		{63C9DF92-7330-44A7-83C1-8E41B7F37B1D}.Release|x86.Build.0 = Release|Win32
		{4BCF7BE3-B2DD-4933-A561-02282C54D7A8}.Debug|x64.ActiveCfg = Debug|x64
		{4BCF7BE3-B2DD-4933-A561-02282C54D7A8}.Debug|x64.Build.0 = Debug|x64
		{4BCF7BE3-B2DD-4933-A561-02282C54D7A8}.Debug|x86.ActiveCfg = Debug|Win32
		{4BCF7BE3-B2DD-4933-A561-02282C54D7A8}.Debug|x86.Build.0 = Debug|Win32
		{4BCF7BE3-B2DD-4933-A561-02282C54D7A8}.Release|x64.ActiveCfg = Release|x64
		{4BCF7BE3-B2DD-4933-A561-02282C54D7A8}.Release|x64.Build.0 = Release|x64
		{4BCF7BE3-B2DD-4933-A561-02282C54D7A8}.Release|x86.ActiveCfg = Release|Win32
		{4BCF7BE3-B2DD-4933-A561-02282C54D7A8}.Release|x86.Build.0 = Release|Win32
		{0E75B815-0C9B-4065-8FF1-61B5F750B961}.Debug|x64.ActiveCfg = Debug|x64
		{0E75B815-0C9B-4065-8FF1-61B5F750B961}.Debug|x64.Build.0 = Debug|x64
		{0E75B815-0C9B-4065-8FF1-61B5F750B961}.Debug|x86.ActiveCfg = Debug|Win32
		{0E75B815-0C9B-4065-8FF1-61B5F750B961}.Debug|x86.Build.0 = Debug|Win32
		{0E75B815-0C9B-4065-8FF1-61B5F750B961}.Release|x64.ActiveCfg = Release|x64
		{0E75B815-0C9B-4065-8FF1-61B5F750B961}.Release|x64.Build.0 = Release|x64
		{0E75B815-0C9B-4065-8FF1-61B5F750B961}.Release|x86.ActiveCfg = Release|Win32
		{0E75B815-0C9B-4065-8FF1-61B5F750B961}.Release|x86.Build.0 = Release|Win32
		{031D9F68-00A7-4E85-BA47-2F3C234AB3BE}.Debug|x64.ActiveCfg = Debug|x64
		{031D9F68-00A7-4E85-BA47-2F3C234AB3BE}.Debug|x64.Build.0 = Debug|x64
		{031D9F68-00A7-4E85-BA47-2F3C234AB3BE}.Debug|x86.ActiveCfg = Debug|Win32
		{031D9F68-00A7-4E85-BA47-2F3C234AB3BE}.Debug|x86.Build.0 = Debug|Win32
		{031D9F68-00A7-4E85-BA47-2F3C234AB3BE}.Release|x64.ActiveCfg = Release|x64
		{031D9F68-00A7-4E85-BA47-2F3C234AB3BE}.Release|x64.Build.0 = Release|x64
		{031D9F68-00A7-4E85-BA47-2F3C234AB3BE}.Release|x86.ActiveCfg = Release|Win32
		{031D9F68-00A7-4E85-BA47-2F3C234AB3BE}.Release|x86.Build.0 = Release|Win32
		{A4EA9175-6773-4E2A-9345-A6474021DBD0}.Debug|x64.ActiveCfg = Debug|x64
		{A4EA9175-6773-4E2A-9345-A6474021DBD0}.Debug|x64.Build.0 = Debug|x64
		{A4EA9175-6773-4E2A-9345-A6474021DBD0}.Debug|x86.ActiveCfg = Debug|Win32
		{A4EA9175-6773-4E2A-9345-A6474021DBD0}.Debug|x86.Build.0 = Debug|Win32
		{A4EA9175-6773-4E2A-9345-A6474021DBD0}.Release|x64.ActiveCfg = Release|x64
		{A4EA9175-6773-4E2A-9345-A6474021DBD0}.Release|x64.Build.0 = Release|x64
		{A4EA9175-6773-4E2A-9345-A6474021DBD0}.Release|x86.ActiveCfg = Release|Win32
		{A4EA9175-6773-4E2A-9345-A6474021DBD0}.Release|x86.Build.0 = Release|Win32
	EndGlobalSection
	GlobalSection(SolutionProperties) = preSolution
		HideSolutionNode = FALSE
	EndGlobalSection
	GlobalSection(ExtensibilityGlobals) = postSolution
		SolutionGuid = {764310A8-9F0D-44BC-992B-BBB388B1D204}
	EndGlobalSection
EndGlobal
